
Microsoft Visual Studio Solution File, Format Version 11.00
# Visual Studio 2010
Project("{FAE04EC0-301F-11D3-BF4B-00C04F79EFBC}") = "Assembly-CSharp", "Assembly-CSharp.csproj", "{A908E3F1-2CA4-344C-BA84-2D8E0D2064A6}"
EndProject
Project("{FAE04EC0-301F-11D3-BF4B-00C04F79EFBC}") = "VuforiaScripts", "VuforiaScripts.csproj", "{9ABDB29A-6DE5-39C0-E00F-4485DBF62F20}"
EndProject
Project("{FAE04EC0-301F-11D3-BF4B-00C04F79EFBC}") = "VuforiaEditorScripts", "VuforiaEditorScripts.csproj", "{73DA55BC-E162-2D17-DBBF-1DCAB5026544}"
EndProject
Global
	GlobalSection(SolutionConfigurationPlatforms) = preSolution
		Debug|Any CPU = Debug|Any CPU
		Release|Any CPU = Release|Any CPU
	EndGlobalSection
	GlobalSection(ProjectConfigurationPlatforms) = postSolution
		{A908E3F1-2CA4-344C-BA84-2D8E0D2064A6}.Debug|Any CPU.ActiveCfg = Debug|Any CPU
		{A908E3F1-2CA4-344C-BA84-2D8E0D2064A6}.Debug|Any CPU.Build.0 = Debug|Any CPU
		{A908E3F1-2CA4-344C-BA84-2D8E0D2064A6}.Release|Any CPU.ActiveCfg = Release|Any CPU
		{A908E3F1-2CA4-344C-BA84-2D8E0D2064A6}.Release|Any CPU.Build.0 = Release|Any CPU
		{9ABDB29A-6DE5-39C0-E00F-4485DBF62F20}.Debug|Any CPU.ActiveCfg = Debug|Any CPU
		{9ABDB29A-6DE5-39C0-E00F-4485DBF62F20}.Debug|Any CPU.Build.0 = Debug|Any CPU
		{9ABDB29A-6DE5-39C0-E00F-4485DBF62F20}.Release|Any CPU.ActiveCfg = Release|Any CPU
		{9ABDB29A-6DE5-39C0-E00F-4485DBF62F20}.Release|Any CPU.Build.0 = Release|Any CPU
		{73DA55BC-E162-2D17-DBBF-1DCAB5026544}.Debug|Any CPU.ActiveCfg = Debug|Any CPU
		{73DA55BC-E162-2D17-DBBF-1DCAB5026544}.Debug|Any CPU.Build.0 = Debug|Any CPU
		{73DA55BC-E162-2D17-DBBF-1DCAB5026544}.Release|Any CPU.ActiveCfg = Release|Any CPU
		{73DA55BC-E162-2D17-DBBF-1DCAB5026544}.Release|Any CPU.Build.0 = Release|Any CPU
	EndGlobalSection
	GlobalSection(SolutionProperties) = preSolution
		HideSolutionNode = FALSE
	EndGlobalSection
	GlobalSection(MonoDevelopProperties) = preSolution
		StartupItem = Assembly-CSharp.csproj
	EndGlobalSection
EndGlobal
